
Microsoft Visual Studio Solution File, Format Version 12.00
# Visual Studio 15
VisualStudioVersion = 15.0.26730.16
MinimumVisualStudioVersion = 10.0.40219.1
Project("{FAE04EC0-301F-11D3-BF4B-00C04F79EFBC}") = "WebPageAnalyzer", "WebPageAnalyzer\WebPageAnalyzer.csproj", "{F6E19E89-AED3-4306-8094-15782CCEF529}"
EndProject
Project("{FAE04EC0-301F-11D3-BF4B-00C04F79EFBC}") = "WebPageAnalyzer.Tests", "WebPageAnalyzer.Tests\WebPageAnalyzer.Tests.csproj", "{07AE63A2-1711-4A4A-8746-CF0C46E9C8EE}"
EndProject
Global
	GlobalSection(SolutionConfigurationPlatforms) = preSolution
		Debug|Any CPU = Debug|Any CPU
		Release|Any CPU = Release|Any CPU
	EndGlobalSection
	GlobalSection(ProjectConfigurationPlatforms) = postSolution
		{F6E19E89-AED3-4306-8094-15782CCEF529}.Debug|Any CPU.ActiveCfg = Debug|Any CPU
		{F6E19E89-AED3-4306-8094-15782CCEF529}.Debug|Any CPU.Build.0 = Debug|Any CPU
		{F6E19E89-AED3-4306-8094-15782CCEF529}.Release|Any CPU.ActiveCfg = Release|Any CPU
		{F6E19E89-AED3-4306-8094-15782CCEF529}.Release|Any CPU.Build.0 = Release|Any CPU
		{07AE63A2-1711-4A4A-8746-CF0C46E9C8EE}.Debug|Any CPU.ActiveCfg = Debug|Any CPU
		{07AE63A2-1711-4A4A-8746-CF0C46E9C8EE}.Debug|Any CPU.Build.0 = Debug|Any CPU
		{07AE63A2-1711-4A4A-8746-CF0C46E9C8EE}.Release|Any CPU.ActiveCfg = Release|Any CPU
		{07AE63A2-1711-4A4A-8746-CF0C46E9C8EE}.Release|Any CPU.Build.0 = Release|Any CPU
	EndGlobalSection
	GlobalSection(SolutionProperties) = preSolution
		HideSolutionNode = FALSE
	EndGlobalSection
	GlobalSection(ExtensibilityGlobals) = postSolution
		SolutionGuid = {A8E83E14-BF8C-4B8D-91E7-F276D5C9E987}
	EndGlobalSection
EndGlobal
